<?xml version="1.0" encoding="utf-8"?>
<Project ToolsVersion="4.0" xmlns="http://schemas.microsoft.com/developer/msbuild/2003">
  <ItemGroup>
    <Filter Include="src">
      <UniqueIdentifier>{4d8ef9b2-5c49-42ad-8fe6-8da03fb1d355}</UniqueIdentifier>
    </Filter>
    <Filter Include="src\math">
      <UniqueIdentifier>{891608a4-211b-41d1-982d-cdc4be40e377}</UniqueIdentifier>
    </Filter>
    <Filter Include="src\string">
      <UniqueIdentifier>{e13da72b-729f-451c-bdc4-c8e146e971c5}</UniqueIdentifier>
    </Filter>
    <Filter Include="src\memory">
      <UniqueIdentifier>{497e7438-0d75-4a63-8581-9a5fd5b91f01}</UniqueIdentifier>
    </Filter>
    <Filter Include="src\container">
      <UniqueIdentifier>{94b85a07-c086-40d8-8645-6c9fc7247f1c}</UniqueIdentifier>
    </Filter>
    <Filter Include="src\graphics">
      <UniqueIdentifier>{94b08625-931f-455d-a67e-d8a4aeca5f02}</UniqueIdentifier>
    </Filter>
    <Filter Include="src\png">
      <UniqueIdentifier>{cc624452-311f-4212-8583-ce0b3ac41529}</UniqueIdentifier>
    </Filter>
    <Filter Include="src\io">
      <UniqueIdentifier>{3e332876-0ea9-48c0-a27d-b7f2890b2b26}</UniqueIdentifier>
    </Filter>
    <Filter Include="src\zlib">
      <UniqueIdentifier>{061b6a14-97f2-4b85-936e-08ae7585213f}</UniqueIdentifier>
    </Filter>
  </ItemGroup>
  <ItemGroup>
    <ClCompile Include="..\..\src\GLContext.cpp">
      <Filter>src</Filter>
    </ClCompile>
    <ClCompile Include="..\..\src\math\Bounds.cpp">
      <Filter>src\math</Filter>
    </ClCompile>
    <ClCompile Include="..\..\src\math\Frustum.cpp">
      <Filter>src\math</Filter>
    </ClCompile>
    <ClCompile Include="..\..\src\math\Mathf.cpp">
      <Filter>src\math</Filter>
    </ClCompile>
    <ClCompile Include="..\..\src\math\Matrix4x4.cpp">
      <Filter>src\math</Filter>
    </ClCompile>
    <ClCompile Include="..\..\src\math\Quaternion.cpp">
      <Filter>src\math</Filter>
    </ClCompile>
    <ClCompile Include="..\..\src\math\Ray.cpp">
      <Filter>src\math</Filter>
    </ClCompile>
    <ClCompile Include="..\..\src\math\Rect.cpp">
      <Filter>src\math</Filter>
    </ClCompile>
    <ClCompile Include="..\..\src\math\Vector2.cpp">
      <Filter>src\math</Filter>
    </ClCompile>
    <ClCompile Include="..\..\src\math\Vector3.cpp">
      <Filter>src\math</Filter>
    </ClCompile>
    <ClCompile Include="..\..\src\string\String.cpp">
      <Filter>src\string</Filter>
    </ClCompile>
    <ClCompile Include="..\..\src\memory\ByteBuffer.cpp">
      <Filter>src\memory</Filter>
    </ClCompile>
    <ClCompile Include="..\..\src\graphics\Image.cpp">
      <Filter>src\graphics</Filter>
    </ClCompile>
    <ClCompile Include="..\..\src\png\pngerror.c">
      <Filter>src\png</Filter>
    </ClCompile>
    <ClCompile Include="..\..\src\png\pngget.c">
      <Filter>src\png</Filter>
    </ClCompile>
    <ClCompile Include="..\..\src\png\pngmem.c">
      <Filter>src\png</Filter>
    </ClCompile>
    <ClCompile Include="..\..\src\png\pngpread.c">
      <Filter>src\png</Filter>
    </ClCompile>
    <ClCompile Include="..\..\src\png\pngread.c">
      <Filter>src\png</Filter>
    </ClCompile>
    <ClCompile Include="..\..\src\png\pngrio.c">
      <Filter>src\png</Filter>
    </ClCompile>
    <ClCompile Include="..\..\src\png\pngrtran.c">
      <Filter>src\png</Filter>
    </ClCompile>
    <ClCompile Include="..\..\src\png\pngrutil.c">
      <Filter>src\png</Filter>
    </ClCompile>
    <ClCompile Include="..\..\src\png\pngset.c">
      <Filter>src\png</Filter>
    </ClCompile>
    <ClCompile Include="..\..\src\png\pngtrans.c">
      <Filter>src\png</Filter>
    </ClCompile>
    <ClCompile Include="..\..\src\png\pngwio.c">
      <Filter>src\png</Filter>
    </ClCompile>
    <ClCompile Include="..\..\src\png\pngwrite.c">
      <Filter>src\png</Filter>
    </ClCompile>
    <ClCompile Include="..\..\src\png\pngwtran.c">
      <Filter>src\png</Filter>
    </ClCompile>
    <ClCompile Include="..\..\src\png\pngwutil.c">
      <Filter>src\png</Filter>
    </ClCompile>
    <ClCompile Include="..\..\src\png\png.c">
      <Filter>src\png</Filter>
    </ClCompile>
    <ClCompile Include="..\..\src\io\File.cpp">
      <Filter>src\io</Filter>
    </ClCompile>
    <ClCompile Include="..\..\src\io\MemoryStream.cpp">
      <Filter>src\io</Filter>
    </ClCompile>
    <ClCompile Include="..\..\src\io\Stream.cpp">
      <Filter>src\io</Filter>
    </ClCompile>
    <ClCompile Include="..\..\src\io\Directory.cpp">
      <Filter>src\io</Filter>
    </ClCompile>
    <ClCompile Include="..\..\src\zlib\crc32.c">
      <Filter>src\zlib</Filter>
    </ClCompile>
    <ClCompile Include="..\..\src\zlib\deflate.c">
      <Filter>src\zlib</Filter>
    </ClCompile>
    <ClCompile Include="..\..\src\zlib\gzclose.c">
      <Filter>src\zlib</Filter>
    </ClCompile>
    <ClCompile Include="..\..\src\zlib\gzlib.c">
      <Filter>src\zlib</Filter>
    </ClCompile>
    <ClCompile Include="..\..\src\zlib\gzread.c">
      <Filter>src\zlib</Filter>
    </ClCompile>
    <ClCompile Include="..\..\src\zlib\gzwrite.c">
      <Filter>src\zlib</Filter>
    </ClCompile>
    <ClCompile Include="..\..\src\zlib\infback.c">
      <Filter>src\zlib</Filter>
    </ClCompile>
    <ClCompile Include="..\..\src\zlib\inffast.c">
      <Filter>src\zlib</Filter>
    </ClCompile>
    <ClCompile Include="..\..\src\zlib\inflate.c">
      <Filter>src\zlib</Filter>
    </ClCompile>
    <ClCompile Include="..\..\src\zlib\inftrees.c">
      <Filter>src\zlib</Filter>
    </ClCompile>
    <ClCompile Include="..\..\src\zlib\ioapi.c">
      <Filter>src\zlib</Filter>
    </ClCompile>
    <ClCompile Include="..\..\src\zlib\trees.c">
      <Filter>src\zlib</Filter>
    </ClCompile>
    <ClCompile Include="..\..\src\zlib\uncompr.c">
      <Filter>src\zlib</Filter>
    </ClCompile>
    <ClCompile Include="..\..\src\zlib\unzip.c">
      <Filter>src\zlib</Filter>
    </ClCompile>
    <ClCompile Include="..\..\src\zlib\zutil.c">
      <Filter>src\zlib</Filter>
    </ClCompile>
    <ClCompile Include="..\..\src\zlib\adler32.c">
      <Filter>src\zlib</Filter>
    </ClCompile>
    <ClCompile Include="..\..\src\zlib\compress.c">
      <Filter>src\zlib</Filter>
    </ClCompile>
    <ClCompile Include="..\..\src\Debug.cpp">
      <Filter>src</Filter>
    </ClCompile>
    <ClCompile Include="..\..\src\GLFramebuffer.cpp">
      <Filter>src</Filter>
    </ClCompile>
    <ClCompile Include="..\..\src\GLShader.cpp">
      <Filter>src</Filter>
    </ClCompile>
    <ClCompile Include="..\..\src\GLProgram.cpp">
      <Filter>src</Filter>
    </ClCompile>
    <ClCompile Include="..\..\src\exec_cmd.cpp">
      <Filter>src</Filter>
    </ClCompile>
    <ClCompile Include="..\..\src\GLBuffer.cpp">
      <Filter>src</Filter>
    </ClCompile>
    <ClCompile Include="..\..\src\GLRasterizer.cpp">
      <Filter>src</Filter>
    </ClCompile>
  </ItemGroup>
  <ItemGroup>
    <ClInclude Include="..\..\src\math\Bounds.h">
      <Filter>src\math</Filter>
    </ClInclude>
    <ClInclude Include="..\..\src\math\Frustum.h">
      <Filter>src\math</Filter>
    </ClInclude>
    <ClInclude Include="..\..\src\math\Mathf.h">
      <Filter>src\math</Filter>
    </ClInclude>
    <ClInclude Include="..\..\src\math\Matrix4x4.h">
      <Filter>src\math</Filter>
    </ClInclude>
    <ClInclude Include="..\..\src\math\Quaternion.h">
      <Filter>src\math</Filter>
    </ClInclude>
    <ClInclude Include="..\..\src\math\Ray.h">
      <Filter>src\math</Filter>
    </ClInclude>
    <ClInclude Include="..\..\src\math\Rect.h">
      <Filter>src\math</Filter>
    </ClInclude>
    <ClInclude Include="..\..\src\math\Vector2.h">
      <Filter>src\math</Filter>
    </ClInclude>
    <ClInclude Include="..\..\src\math\Vector3.h">
      <Filter>src\math</Filter>
    </ClInclude>
    <ClInclude Include="..\..\src\math\Vector4.h">
      <Filter>src\math</Filter>
    </ClInclude>
    <ClInclude Include="..\..\src\string\String.h">
      <Filter>src\string</Filter>
    </ClInclude>
    <ClInclude Include="..\..\src\memory\ByteBuffer.h">
      <Filter>src\memory</Filter>
    </ClInclude>
    <ClInclude Include="..\..\src\memory\Memory.h">
      <Filter>src\memory</Filter>
    </ClInclude>
    <ClInclude Include="..\..\src\memory\Ref.h">
      <Filter>src\memory</Filter>
    </ClInclude>
    <ClInclude Include="..\..\src\container\FastList.h">
      <Filter>src\container</Filter>
    </ClInclude>
    <ClInclude Include="..\..\src\container\List.h">
      <Filter>src\container</Filter>
    </ClInclude>
    <ClInclude Include="..\..\src\container\Map.h">
      <Filter>src\container</Filter>
    </ClInclude>
    <ClInclude Include="..\..\src\container\Vector.h">
      <Filter>src\container</Filter>
    </ClInclude>
    <ClInclude Include="..\..\src\container\Array.h">
      <Filter>src\container</Filter>
    </ClInclude>
    <ClInclude Include="..\..\src\graphics\Image.h">
      <Filter>src\graphics</Filter>
    </ClInclude>
    <ClInclude Include="..\..\src\png\pngconf.h">
      <Filter>src\png</Filter>
    </ClInclude>
    <ClInclude Include="..\..\src\png\pngdebug.h">
      <Filter>src\png</Filter>
    </ClInclude>
    <ClInclude Include="..\..\src\png\pnginfo.h">
      <Filter>src\png</Filter>
    </ClInclude>
    <ClInclude Include="..\..\src\png\pnglibconf.h">
      <Filter>src\png</Filter>
    </ClInclude>
    <ClInclude Include="..\..\src\png\pngpriv.h">
      <Filter>src\png</Filter>
    </ClInclude>
    <ClInclude Include="..\..\src\png\pngstruct.h">
      <Filter>src\png</Filter>
    </ClInclude>
    <ClInclude Include="..\..\src\png\png.h">
      <Filter>src\png</Filter>
    </ClInclude>
    <ClInclude Include="..\..\src\io\Directory.h">
      <Filter>src\io</Filter>
    </ClInclude>
    <ClInclude Include="..\..\src\io\File.h">
      <Filter>src\io</Filter>
    </ClInclude>
    <ClInclude Include="..\..\src\io\MemoryStream.h">
      <Filter>src\io</Filter>
    </ClInclude>
    <ClInclude Include="..\..\src\io\Stream.h">
      <Filter>src\io</Filter>
    </ClInclude>
    <ClInclude Include="..\..\src\zlib\crc32.h">
      <Filter>src\zlib</Filter>
    </ClInclude>
    <ClInclude Include="..\..\src\zlib\deflate.h">
      <Filter>src\zlib</Filter>
    </ClInclude>
    <ClInclude Include="..\..\src\zlib\gzguts.h">
      <Filter>src\zlib</Filter>
    </ClInclude>
    <ClInclude Include="..\..\src\zlib\inffast.h">
      <Filter>src\zlib</Filter>
    </ClInclude>
    <ClInclude Include="..\..\src\zlib\inffixed.h">
      <Filter>src\zlib</Filter>
    </ClInclude>
    <ClInclude Include="..\..\src\zlib\inflate.h">
      <Filter>src\zlib</Filter>
    </ClInclude>
    <ClInclude Include="..\..\src\zlib\inftrees.h">
      <Filter>src\zlib</Filter>
    </ClInclude>
    <ClInclude Include="..\..\src\zlib\ioapi.h">
      <Filter>src\zlib</Filter>
    </ClInclude>
    <ClInclude Include="..\..\src\zlib\trees.h">
      <Filter>src\zlib</Filter>
    </ClInclude>
    <ClInclude Include="..\..\src\zlib\unzip.h">
      <Filter>src\zlib</Filter>
    </ClInclude>
    <ClInclude Include="..\..\src\zlib\zconf.h">
      <Filter>src\zlib</Filter>
    </ClInclude>
    <ClInclude Include="..\..\src\zlib\zlib.h">
      <Filter>src\zlib</Filter>
    </ClInclude>
    <ClInclude Include="..\..\src\zlib\zutil.h">
      <Filter>src\zlib</Filter>
    </ClInclude>
    <ClInclude Include="..\..\src\Debug.h">
      <Filter>src</Filter>
    </ClInclude>
    <ClInclude Include="..\..\src\GLFramebuffer.h">
      <Filter>src</Filter>
    </ClInclude>
    <ClInclude Include="..\..\src\GLObject.h">
      <Filter>src</Filter>
    </ClInclude>
    <ClInclude Include="..\..\src\GLRenderbuffer.h">
      <Filter>src</Filter>
    </ClInclude>
    <ClInclude Include="..\..\src\GLTexture.h">
      <Filter>src</Filter>
    </ClInclude>
    <ClInclude Include="..\..\src\GLShader.h">
      <Filter>src</Filter>
    </ClInclude>
    <ClInclude Include="..\..\src\GLProgram.h">
      <Filter>src</Filter>
    </ClInclude>
    <ClInclude Include="..\..\src\exec_cmd.h">
      <Filter>src</Filter>
    </ClInclude>
    <ClInclude Include="..\..\src\GLBuffer.h">
      <Filter>src</Filter>
    </ClInclude>
    <ClInclude Include="..\..\src\GLRasterizer.h">
      <Filter>src</Filter>
    </ClInclude>
  </ItemGroup>
</Project>